
Microsoft Visual Studio Solution File, Format Version 12.00
# Visual Studio Version 17
VisualStudioVersion = 17.4.33103.184
MinimumVisualStudioVersion = 10.0.40219.1
Project("{FAE04EC0-301F-11D3-BF4B-00C04F79EFBC}") = "etickets", "etickets\etickets.csproj", "{96DD41C3-E367-49DD-B33C-16CC4CD8314C}"
EndProject
Global
	GlobalSection(SolutionConfigurationPlatforms) = preSolution
		Debug|Any CPU = Debug|Any CPU
		Release|Any CPU = Release|Any CPU
	EndGlobalSection
	GlobalSection(ProjectConfigurationPlatforms) = postSolution
		{96DD41C3-E367-49DD-B33C-16CC4CD8314C}.Debug|Any CPU.ActiveCfg = Debug|Any CPU
		{96DD41C3-E367-49DD-B33C-16CC4CD8314C}.Debug|Any CPU.Build.0 = Debug|Any CPU
		{96DD41C3-E367-49DD-B33C-16CC4CD8314C}.Release|Any CPU.ActiveCfg = Release|Any CPU
		{96DD41C3-E367-49DD-B33C-16CC4CD8314C}.Release|Any CPU.Build.0 = Release|Any CPU
	EndGlobalSection
	GlobalSection(SolutionProperties) = preSolution
		HideSolutionNode = FALSE
	EndGlobalSection
	GlobalSection(ExtensibilityGlobals) = postSolution
		SolutionGuid = {D132F690-F35A-4BEE-9958-5185FBD3E7B1}
	EndGlobalSection
EndGlobal
